
Microsoft Visual Studio Solution File, Format Version 12.00
Project("{FAE04EC0-301F-11D3-BF4B-00C04F79EFBC}") = "Kook.Net.Core", "src\Kook.Net.Core\Kook.Net.Core.csproj", "{8E872B01-8D8A-498A-A31F-0D6599299876}"
EndProject
Project("{2150E333-8FDC-42A3-9474-1A3956D46DE8}") = "Implementations", "Implementations", "{58B166AB-82DD-472F-AC70-9318DA4F881E}"
EndProject
Project("{2150E333-8FDC-42A3-9474-1A3956D46DE8}") = "Tests", "Tests", "{1E3AD043-5861-4B7F-8CE6-0EE9B4D6CB91}"
EndProject
Project("{FAE04EC0-301F-11D3-BF4B-00C04F79EFBC}") = "Kook.Net.Rest", "src\Kook.Net.Rest\Kook.Net.Rest.csproj", "{57F76D67-0E55-4609-A61C-3A4C3073CA0E}"
EndProject
Project("{FAE04EC0-301F-11D3-BF4B-00C04F79EFBC}") = "Kook.Net.Tests.Unit", "test\Kook.Net.Tests.Unit\Kook.Net.Tests.Unit.csproj", "{0DC41632-CF8D-4E1C-85E7-9B60308B5834}"
EndProject
Project("{FAE04EC0-301F-11D3-BF4B-00C04F79EFBC}") = "Kook.Net.WebSocket", "src\Kook.Net.WebSocket\Kook.Net.WebSocket.csproj", "{9A4ED2A6-5560-434A-89A6-5EAA8024383F}"
EndProject
Project("{2150E333-8FDC-42A3-9474-1A3956D46DE8}") = "Samples", "Samples", "{8DE556F9-829D-48D3-A41C-FA57207CAE72}"
EndProject
Project("{FAE04EC0-301F-11D3-BF4B-00C04F79EFBC}") = "Kook.Net.Samples.SimpleBot", "samples\Kook.Net.Samples.SimpleBot\Kook.Net.Samples.SimpleBot.csproj", "{FD42006A-B8F2-468B-816F-67914EAEA943}"
EndProject
Project("{FAE04EC0-301F-11D3-BF4B-00C04F79EFBC}") = "Kook.Net", "src\Kook.Net\Kook.Net.csproj", "{DBDF4A03-8FF0-4A0F-BB88-EBB061E35A77}"
EndProject
Project("{FAE04EC0-301F-11D3-BF4B-00C04F79EFBC}") = "Kook.Net.Samples.ReactionRoleBot", "samples\Kook.Net.Samples.ReactionRoleBot\Kook.Net.Samples.ReactionRoleBot.csproj", "{BDDB543B-69D2-4472-9C09-E40DD74D260C}"
EndProject
Project("{2150E333-8FDC-42A3-9474-1A3956D46DE8}") = "Extensions", "Extensions", "{B51E68C1-B6FC-49A3-B04D-57BB0C19B192}"
EndProject
Project("{FAE04EC0-301F-11D3-BF4B-00C04F79EFBC}") = "Kook.Net.Commands", "src\Kook.Net.Commands\Kook.Net.Commands.csproj", "{10ED905D-0060-40BF-8A79-46D52714DB30}"
EndProject
Project("{FAE04EC0-301F-11D3-BF4B-00C04F79EFBC}") = "Kook.Net.Samples.TextCommands", "samples\Kook.Net.Samples.TextCommands\Kook.Net.Samples.TextCommands.csproj", "{42BEF15F-724B-46A7-93F2-341D8D0B2759}"
EndProject
Project("{FAE04EC0-301F-11D3-BF4B-00C04F79EFBC}") = "Kook.Net.Tests.Integration", "test\Kook.Net.Tests.Integration\Kook.Net.Tests.Integration.csproj", "{E1A2F066-6FE5-452E-946C-6D818E83C881}"
EndProject
Project("{2150E333-8FDC-42A3-9474-1A3956D46DE8}") = "Experimental", "Experimental", "{BB39595B-5DCE-4B1C-8740-A013C261E317}"
EndProject
Project("{FAE04EC0-301F-11D3-BF4B-00C04F79EFBC}") = "Kook.Net.Experimental", "src\Kook.Net.Experimental\Kook.Net.Experimental.csproj", "{95881FD6-BAF5-43A6-9D75-9F9181FC9D21}"
EndProject
Project("{2150E333-8FDC-42A3-9474-1A3956D46DE8}") = "Solution Items", "SolutionItems", "{55F21D65-BA1A-4A4B-B370-FD2CA0204EB2}"
	ProjectSection(SolutionItems) = preProject
		Kook.Net.targets = Kook.Net.targets
	EndProjectSection
EndProject
Project("{F184B08F-C81C-45F6-A57F-5ABD9991F28F}") = "Kook.Net.Samples.VisualBasic", "samples\Kook.Net.Samples.VisualBasic\Kook.Net.Samples.VisualBasic.vbproj", "{43C91115-7D09-4A28-95CD-380C3B00EAE0}"
EndProject
Project("{F2A71F9B-5D33-465A-A702-920D77279786}") = "Kook.Net.Samples.FSharp", "samples\Kook.Net.Samples.FSharp\Kook.Net.Samples.FSharp.fsproj", "{DCD692BE-9D91-4DE1-8603-CD8923C59B6A}"
EndProject
Project("{FAE04EC0-301F-11D3-BF4B-00C04F79EFBC}") = "Kook.Net.Samples.Docker", "samples\Kook.Net.Samples.Docker\Kook.Net.Samples.Docker.csproj", "{B8A50094-A959-4807-AB36-6256A1EEEE61}"
EndProject
Global
	GlobalSection(SolutionConfigurationPlatforms) = preSolution
		Debug|Any CPU = Debug|Any CPU
		Release|Any CPU = Release|Any CPU
	EndGlobalSection
	GlobalSection(ProjectConfigurationPlatforms) = postSolution
		{8E872B01-8D8A-498A-A31F-0D6599299876}.Debug|Any CPU.ActiveCfg = Debug|Any CPU
		{8E872B01-8D8A-498A-A31F-0D6599299876}.Debug|Any CPU.Build.0 = Debug|Any CPU
		{8E872B01-8D8A-498A-A31F-0D6599299876}.Release|Any CPU.ActiveCfg = Release|Any CPU
		{8E872B01-8D8A-498A-A31F-0D6599299876}.Release|Any CPU.Build.0 = Release|Any CPU
		{57F76D67-0E55-4609-A61C-3A4C3073CA0E}.Debug|Any CPU.ActiveCfg = Debug|Any CPU
		{57F76D67-0E55-4609-A61C-3A4C3073CA0E}.Debug|Any CPU.Build.0 = Debug|Any CPU
		{57F76D67-0E55-4609-A61C-3A4C3073CA0E}.Release|Any CPU.ActiveCfg = Release|Any CPU
		{57F76D67-0E55-4609-A61C-3A4C3073CA0E}.Release|Any CPU.Build.0 = Release|Any CPU
		{0DC41632-CF8D-4E1C-85E7-9B60308B5834}.Debug|Any CPU.ActiveCfg = Debug|Any CPU
		{0DC41632-CF8D-4E1C-85E7-9B60308B5834}.Debug|Any CPU.Build.0 = Debug|Any CPU
		{0DC41632-CF8D-4E1C-85E7-9B60308B5834}.Release|Any CPU.ActiveCfg = Release|Any CPU
		{0DC41632-CF8D-4E1C-85E7-9B60308B5834}.Release|Any CPU.Build.0 = Release|Any CPU
		{9A4ED2A6-5560-434A-89A6-5EAA8024383F}.Debug|Any CPU.ActiveCfg = Debug|Any CPU
		{9A4ED2A6-5560-434A-89A6-5EAA8024383F}.Debug|Any CPU.Build.0 = Debug|Any CPU
		{9A4ED2A6-5560-434A-89A6-5EAA8024383F}.Release|Any CPU.ActiveCfg = Release|Any CPU
		{9A4ED2A6-5560-434A-89A6-5EAA8024383F}.Release|Any CPU.Build.0 = Release|Any CPU
		{FD42006A-B8F2-468B-816F-67914EAEA943}.Debug|Any CPU.ActiveCfg = Debug|Any CPU
		{FD42006A-B8F2-468B-816F-67914EAEA943}.Debug|Any CPU.Build.0 = Debug|Any CPU
		{FD42006A-B8F2-468B-816F-67914EAEA943}.Release|Any CPU.ActiveCfg = Release|Any CPU
		{FD42006A-B8F2-468B-816F-67914EAEA943}.Release|Any CPU.Build.0 = Release|Any CPU
		{DBDF4A03-8FF0-4A0F-BB88-EBB061E35A77}.Debug|Any CPU.ActiveCfg = Debug|Any CPU
		{DBDF4A03-8FF0-4A0F-BB88-EBB061E35A77}.Debug|Any CPU.Build.0 = Debug|Any CPU
		{DBDF4A03-8FF0-4A0F-BB88-EBB061E35A77}.Release|Any CPU.ActiveCfg = Release|Any CPU
		{DBDF4A03-8FF0-4A0F-BB88-EBB061E35A77}.Release|Any CPU.Build.0 = Release|Any CPU
		{BDDB543B-69D2-4472-9C09-E40DD74D260C}.Debug|Any CPU.ActiveCfg = Debug|Any CPU
		{BDDB543B-69D2-4472-9C09-E40DD74D260C}.Debug|Any CPU.Build.0 = Debug|Any CPU
		{BDDB543B-69D2-4472-9C09-E40DD74D260C}.Release|Any CPU.ActiveCfg = Release|Any CPU
		{BDDB543B-69D2-4472-9C09-E40DD74D260C}.Release|Any CPU.Build.0 = Release|Any CPU
		{10ED905D-0060-40BF-8A79-46D52714DB30}.Debug|Any CPU.ActiveCfg = Debug|Any CPU
		{10ED905D-0060-40BF-8A79-46D52714DB30}.Debug|Any CPU.Build.0 = Debug|Any CPU
		{10ED905D-0060-40BF-8A79-46D52714DB30}.Release|Any CPU.ActiveCfg = Release|Any CPU
		{10ED905D-0060-40BF-8A79-46D52714DB30}.Release|Any CPU.Build.0 = Release|Any CPU
		{42BEF15F-724B-46A7-93F2-341D8D0B2759}.Debug|Any CPU.ActiveCfg = Debug|Any CPU
		{42BEF15F-724B-46A7-93F2-341D8D0B2759}.Debug|Any CPU.Build.0 = Debug|Any CPU
		{42BEF15F-724B-46A7-93F2-341D8D0B2759}.Release|Any CPU.ActiveCfg = Release|Any CPU
		{42BEF15F-724B-46A7-93F2-341D8D0B2759}.Release|Any CPU.Build.0 = Release|Any CPU
		{E1A2F066-6FE5-452E-946C-6D818E83C881}.Debug|Any CPU.ActiveCfg = Debug|Any CPU
		{E1A2F066-6FE5-452E-946C-6D818E83C881}.Debug|Any CPU.Build.0 = Debug|Any CPU
		{E1A2F066-6FE5-452E-946C-6D818E83C881}.Release|Any CPU.ActiveCfg = Release|Any CPU
		{E1A2F066-6FE5-452E-946C-6D818E83C881}.Release|Any CPU.Build.0 = Release|Any CPU
		{95881FD6-BAF5-43A6-9D75-9F9181FC9D21}.Debug|Any CPU.ActiveCfg = Debug|Any CPU
		{95881FD6-BAF5-43A6-9D75-9F9181FC9D21}.Debug|Any CPU.Build.0 = Debug|Any CPU
		{95881FD6-BAF5-43A6-9D75-9F9181FC9D21}.Release|Any CPU.ActiveCfg = Release|Any CPU
		{95881FD6-BAF5-43A6-9D75-9F9181FC9D21}.Release|Any CPU.Build.0 = Release|Any CPU
		{43C91115-7D09-4A28-95CD-380C3B00EAE0}.Debug|Any CPU.ActiveCfg = Debug|Any CPU
		{43C91115-7D09-4A28-95CD-380C3B00EAE0}.Debug|Any CPU.Build.0 = Debug|Any CPU
		{43C91115-7D09-4A28-95CD-380C3B00EAE0}.Release|Any CPU.ActiveCfg = Release|Any CPU
		{43C91115-7D09-4A28-95CD-380C3B00EAE0}.Release|Any CPU.Build.0 = Release|Any CPU
		{DCD692BE-9D91-4DE1-8603-CD8923C59B6A}.Debug|Any CPU.ActiveCfg = Debug|Any CPU
		{DCD692BE-9D91-4DE1-8603-CD8923C59B6A}.Debug|Any CPU.Build.0 = Debug|Any CPU
		{DCD692BE-9D91-4DE1-8603-CD8923C59B6A}.Release|Any CPU.ActiveCfg = Release|Any CPU
		{DCD692BE-9D91-4DE1-8603-CD8923C59B6A}.Release|Any CPU.Build.0 = Release|Any CPU
		{B8A50094-A959-4807-AB36-6256A1EEEE61}.Debug|Any CPU.ActiveCfg = Debug|Any CPU
		{B8A50094-A959-4807-AB36-6256A1EEEE61}.Debug|Any CPU.Build.0 = Debug|Any CPU
		{B8A50094-A959-4807-AB36-6256A1EEEE61}.Release|Any CPU.ActiveCfg = Release|Any CPU
		{B8A50094-A959-4807-AB36-6256A1EEEE61}.Release|Any CPU.Build.0 = Release|Any CPU
	EndGlobalSection
	GlobalSection(NestedProjects) = preSolution
		{57F76D67-0E55-4609-A61C-3A4C3073CA0E} = {58B166AB-82DD-472F-AC70-9318DA4F881E}
		{0DC41632-CF8D-4E1C-85E7-9B60308B5834} = {1E3AD043-5861-4B7F-8CE6-0EE9B4D6CB91}
		{9A4ED2A6-5560-434A-89A6-5EAA8024383F} = {58B166AB-82DD-472F-AC70-9318DA4F881E}
		{FD42006A-B8F2-468B-816F-67914EAEA943} = {8DE556F9-829D-48D3-A41C-FA57207CAE72}
		{BDDB543B-69D2-4472-9C09-E40DD74D260C} = {8DE556F9-829D-48D3-A41C-FA57207CAE72}
		{10ED905D-0060-40BF-8A79-46D52714DB30} = {B51E68C1-B6FC-49A3-B04D-57BB0C19B192}
		{42BEF15F-724B-46A7-93F2-341D8D0B2759} = {8DE556F9-829D-48D3-A41C-FA57207CAE72}
		{E1A2F066-6FE5-452E-946C-6D818E83C881} = {1E3AD043-5861-4B7F-8CE6-0EE9B4D6CB91}
		{95881FD6-BAF5-43A6-9D75-9F9181FC9D21} = {BB39595B-5DCE-4B1C-8740-A013C261E317}
		{43C91115-7D09-4A28-95CD-380C3B00EAE0} = {8DE556F9-829D-48D3-A41C-FA57207CAE72}
		{DCD692BE-9D91-4DE1-8603-CD8923C59B6A} = {8DE556F9-829D-48D3-A41C-FA57207CAE72}
		{B8A50094-A959-4807-AB36-6256A1EEEE61} = {8DE556F9-829D-48D3-A41C-FA57207CAE72}
	EndGlobalSection
EndGlobal
