
Microsoft Visual Studio Solution File, Format Version 12.00
Project("{FAE04EC0-301F-11D3-BF4B-00C04F79EFBC}") = "KaiHeiLa.Net.Core", "KaiHeiLa.Net.Core\KaiHeiLa.Net.Core.csproj", "{8E872B01-8D8A-498A-A31F-0D6599299876}"
EndProject
Global
	GlobalSection(SolutionConfigurationPlatforms) = preSolution
		Debug|Any CPU = Debug|Any CPU
		Release|Any CPU = Release|Any CPU
	EndGlobalSection
	GlobalSection(ProjectConfigurationPlatforms) = postSolution
		{8E872B01-8D8A-498A-A31F-0D6599299876}.Debug|Any CPU.ActiveCfg = Debug|Any CPU
		{8E872B01-8D8A-498A-A31F-0D6599299876}.Debug|Any CPU.Build.0 = Debug|Any CPU
		{8E872B01-8D8A-498A-A31F-0D6599299876}.Release|Any CPU.ActiveCfg = Release|Any CPU
		{8E872B01-8D8A-498A-A31F-0D6599299876}.Release|Any CPU.Build.0 = Release|Any CPU
	EndGlobalSection
EndGlobal
